
Microsoft Visual Studio Solution File, Format Version 12.00
# Visual Studio Version 17
VisualStudioVersion = 17.5.002.0
MinimumVisualStudioVersion = 10.0.40219.1
Project("{9A19103F-16F7-4668-BE54-9A1E7A4F7556}") = "Desafio de Porjeto - Estacionamneto no C#", "Desafio de Porjeto - Estacionamneto no C#.csproj", "{3981F63A-BBEF-4E3C-9AA5-3850DB70F9E9}"
EndProject
Global
	GlobalSection(SolutionConfigurationPlatforms) = preSolution
		Debug|Any CPU = Debug|Any CPU
		Release|Any CPU = Release|Any CPU
	EndGlobalSection
	GlobalSection(ProjectConfigurationPlatforms) = postSolution
		{3981F63A-BBEF-4E3C-9AA5-3850DB70F9E9}.Debug|Any CPU.ActiveCfg = Debug|Any CPU
		{3981F63A-BBEF-4E3C-9AA5-3850DB70F9E9}.Debug|Any CPU.Build.0 = Debug|Any CPU
		{3981F63A-BBEF-4E3C-9AA5-3850DB70F9E9}.Release|Any CPU.ActiveCfg = Release|Any CPU
		{3981F63A-BBEF-4E3C-9AA5-3850DB70F9E9}.Release|Any CPU.Build.0 = Release|Any CPU
	EndGlobalSection
	GlobalSection(SolutionProperties) = preSolution
		HideSolutionNode = FALSE
	EndGlobalSection
	GlobalSection(ExtensibilityGlobals) = postSolution
		SolutionGuid = {153BAECD-6615-4FF7-9844-05B8B295D166}
	EndGlobalSection
EndGlobal
